
Microsoft Visual Studio Solution File, Format Version 12.00
# Visual Studio 15
Project("{FAE04EC0-301F-11D3-BF4B-00C04F79EFBC}") = "SuperHeroes", "SuperHeroes\SuperHeroes.csproj", "{125EE6DC-F60B-4E63-912A-BDF6EB4A7643}"
EndProject
Global
	GlobalSection(SolutionConfigurationPlatforms) = preSolution
		Debug|x86 = Debug|x86
		Release|x86 = Release|x86
	EndGlobalSection
	GlobalSection(ProjectConfigurationPlatforms) = postSolution
		{125EE6DC-F60B-4E63-912A-BDF6EB4A7643}.Debug|x86.ActiveCfg = Debug|x86
		{125EE6DC-F60B-4E63-912A-BDF6EB4A7643}.Debug|x86.Build.0 = Debug|x86
		{125EE6DC-F60B-4E63-912A-BDF6EB4A7643}.Release|x86.ActiveCfg = Release|x86
		{125EE6DC-F60B-4E63-912A-BDF6EB4A7643}.Release|x86.Build.0 = Release|x86
	EndGlobalSection
EndGlobal
