
Microsoft Visual Studio Solution File, Format Version 12.00
# Visual Studio 15
Project("{FAE04EC0-301F-11D3-BF4B-00C04F79EFBC}") = "toDoItems", "toDoItems\toDoItems.csproj", "{730E7BA1-BC21-423C-A982-64203734C03A}"
EndProject
Global
	GlobalSection(SolutionConfigurationPlatforms) = preSolution
		Debug|x86 = Debug|x86
		Release|x86 = Release|x86
	EndGlobalSection
	GlobalSection(ProjectConfigurationPlatforms) = postSolution
		{730E7BA1-BC21-423C-A982-64203734C03A}.Debug|x86.ActiveCfg = Debug|x86
		{730E7BA1-BC21-423C-A982-64203734C03A}.Debug|x86.Build.0 = Debug|x86
		{730E7BA1-BC21-423C-A982-64203734C03A}.Release|x86.ActiveCfg = Release|x86
		{730E7BA1-BC21-423C-A982-64203734C03A}.Release|x86.Build.0 = Release|x86
	EndGlobalSection
EndGlobal
